// !$*UTF8*$!
{
	archiveVersion = 1;
	classes = {
	};
	objectVersion = 56;
	objects = {

/* Begin PBXBuildFile section */
		E930D3992A1FB0D0008FE7B3 /* HomeKitClientAppApp.swift in Sources */ = {isa = PBXBuildFile; fileRef = E930D3982A1FB0D0008FE7B3 /* HomeKitClientAppApp.swift */; };
		E930D39B2A1FB0D0008FE7B3 /* HomeView.swift in Sources */ = {isa = PBXBuildFile; fileRef = E930D39A2A1FB0D0008FE7B3 /* HomeView.swift */; };
		E930D39D2A1FB0D2008FE7B3 /* Assets.xcassets in Resources */ = {isa = PBXBuildFile; fileRef = E930D39C2A1FB0D2008FE7B3 /* Assets.xcassets */; };
		E930D3A12A1FB0D2008FE7B3 /* Preview Assets.xcassets in Resources */ = {isa = PBXBuildFile; fileRef = E930D3A02A1FB0D2008FE7B3 /* Preview Assets.xcassets */; };
		E930D3A92A1FB7C3008FE7B3 /* HomeStore.swift in Sources */ = {isa = PBXBuildFile; fileRef = E930D3A82A1FB7C3008FE7B3 /* HomeStore.swift */; };
		E9F712DE2A2901B600E6E5C6 /* AccessoriesView.swift in Sources */ = {isa = PBXBuildFile; fileRef = E9F712DD2A2901B600E6E5C6 /* AccessoriesView.swift */; };
		E9FE16C12A2A539C00785F6F /* ServicesView.swift in Sources */ = {isa = PBXBuildFile; fileRef = E9FE16C02A2A539C00785F6F /* ServicesView.swift */; };
/* End PBXBuildFile section */

/* Begin PBXFileReference section */
		E930D3952A1FB0D0008FE7B3 /* HomeKitClientApp.app */ = {isa = PBXFileReference; explicitFileType = wrapper.application; includeInIndex = 0; path = HomeKitClientApp.app; sourceTree = BUILT_PRODUCTS_DIR; };
		E930D3982A1FB0D0008FE7B3 /* HomeKitClientAppApp.swift */ = {isa = PBXFileReference; lastKnownFileType = sourcecode.swift; path = HomeKitClientAppApp.swift; sourceTree = "<group>"; };
		E930D39A2A1FB0D0008FE7B3 /* HomeView.swift */ = {isa = PBXFileReference; lastKnownFileType = sourcecode.swift; path = HomeView.swift; sourceTree = "<group>"; };
		E930D39C2A1FB0D2008FE7B3 /* Assets.xcassets */ = {isa = PBXFileReference; lastKnownFileType = folder.assetcatalog; path = Assets.xcassets; sourceTree = "<group>"; };
		E930D39E2A1FB0D2008FE7B3 /* HomeKitClientApp.entitlements */ = {isa = PBXFileReference; lastKnownFileType = text.plist.entitlements; path = HomeKitClientApp.entitlements; sourceTree = "<group>"; };
		E930D3A02A1FB0D2008FE7B3 /* Preview Assets.xcassets */ = {isa = PBXFileReference; lastKnownFileType = folder.assetcatalog; path = "Preview Assets.xcassets"; sourceTree = "<group>"; };
		E930D3A72A1FB5D5008FE7B3 /* Info.plist */ = {isa = PBXFileReference; lastKnownFileType = text.plist; path = Info.plist; sourceTree = "<group>"; };
		E930D3A82A1FB7C3008FE7B3 /* HomeStore.swift */ = {isa = PBXFileReference; lastKnownFileType = sourcecode.swift; path = HomeStore.swift; sourceTree = "<group>"; };
		E9F712DD2A2901B600E6E5C6 /* AccessoriesView.swift */ = {isa = PBXFileReference; lastKnownFileType = sourcecode.swift; path = AccessoriesView.swift; sourceTree = "<group>"; };
		E9FE16C02A2A539C00785F6F /* ServicesView.swift */ = {isa = PBXFileReference; lastKnownFileType = sourcecode.swift; path = ServicesView.swift; sourceTree = "<group>"; };
/* End PBXFileReference section */

/* Begin PBXFrameworksBuildPhase section */
		E930D3922A1FB0D0008FE7B3 /* Frameworks */ = {
			isa = PBXFrameworksBuildPhase;
			buildActionMask = 2147483647;
			files = (
			);
			runOnlyForDeploymentPostprocessing = 0;
		};
/* End PBXFrameworksBuildPhase section */

/* Begin PBXGroup section */
		E930D38C2A1FB0D0008FE7B3 = {
			isa = PBXGroup;
			children = (
				E930D3972A1FB0D0008FE7B3 /* HomeKitClientApp */,
				E930D3962A1FB0D0008FE7B3 /* Products */,
			);
			sourceTree = "<group>";
		};
		E930D3962A1FB0D0008FE7B3 /* Products */ = {
			isa = PBXGroup;
			children = (
				E930D3952A1FB0D0008FE7B3 /* HomeKitClientApp.app */,
			);
			name = Products;
			sourceTree = "<group>";
		};
		E930D3972A1FB0D0008FE7B3 /* HomeKitClientApp */ = {
			isa = PBXGroup;
			children = (
				E930D3A72A1FB5D5008FE7B3 /* Info.plist */,
				E930D3982A1FB0D0008FE7B3 /* HomeKitClientAppApp.swift */,
				E930D39A2A1FB0D0008FE7B3 /* HomeView.swift */,
				E930D39C2A1FB0D2008FE7B3 /* Assets.xcassets */,
				E930D39E2A1FB0D2008FE7B3 /* HomeKitClientApp.entitlements */,
				E930D39F2A1FB0D2008FE7B3 /* Preview Content */,
				E930D3A82A1FB7C3008FE7B3 /* HomeStore.swift */,
				E9F712DD2A2901B600E6E5C6 /* AccessoriesView.swift */,
				E9FE16C02A2A539C00785F6F /* ServicesView.swift */,
			);
			path = HomeKitClientApp;
			sourceTree = "<group>";
		};
		E930D39F2A1FB0D2008FE7B3 /* Preview Content */ = {
			isa = PBXGroup;
			children = (
				E930D3A02A1FB0D2008FE7B3 /* Preview Assets.xcassets */,
			);
			path = "Preview Content";
			sourceTree = "<group>";
		};
/* End PBXGroup section */

/* Begin PBXNativeTarget section */
		E930D3942A1FB0D0008FE7B3 /* HomeKitClientApp */ = {
			isa = PBXNativeTarget;
			buildConfigurationList = E930D3A42A1FB0D2008FE7B3 /* Build configuration list for PBXNativeTarget "HomeKitClientApp" */;
			buildPhases = (
				E930D3912A1FB0D0008FE7B3 /* Sources */,
				E930D3922A1FB0D0008FE7B3 /* Frameworks */,
				E930D3932A1FB0D0008FE7B3 /* Resources */,
			);
			buildRules = (
			);
			dependencies = (
			);
			name = HomeKitClientApp;
			productName = HomeKitClientApp;
			productReference = E930D3952A1FB0D0008FE7B3 /* HomeKitClientApp.app */;
			productType = "com.apple.product-type.application";
		};
/* End PBXNativeTarget section */

/* Begin PBXProject section */
		E930D38D2A1FB0D0008FE7B3 /* Project object */ = {
			isa = PBXProject;
			attributes = {
				BuildIndependentTargetsInParallel = 1;
				LastSwiftUpdateCheck = 1420;
				LastUpgradeCheck = 1420;
				TargetAttributes = {
					E930D3942A1FB0D0008FE7B3 = {
						CreatedOnToolsVersion = 14.2;
					};
				};
			};
			buildConfigurationList = E930D3902A1FB0D0008FE7B3 /* Build configuration list for PBXProject "HomeKitClientApp" */;
			compatibilityVersion = "Xcode 14.0";
			developmentRegion = en;
			hasScannedForEncodings = 0;
			knownRegions = (
				en,
				Base,
			);
			mainGroup = E930D38C2A1FB0D0008FE7B3;
			productRefGroup = E930D3962A1FB0D0008FE7B3 /* Products */;
			projectDirPath = "";
			projectRoot = "";
			targets = (
				E930D3942A1FB0D0008FE7B3 /* HomeKitClientApp */,
			);
		};
/* End PBXProject section */

/* Begin PBXResourcesBuildPhase section */
		E930D3932A1FB0D0008FE7B3 /* Resources */ = {
			isa = PBXResourcesBuildPhase;
			buildActionMask = 2147483647;
			files = (
				E930D3A12A1FB0D2008FE7B3 /* Preview Assets.xcassets in Resources */,
				E930D39D2A1FB0D2008FE7B3 /* Assets.xcassets in Resources */,
			);
			runOnlyForDeploymentPostprocessing = 0;
		};
/* End PBXResourcesBuildPhase section */

/* Begin PBXSourcesBuildPhase section */
		E930D3912A1FB0D0008FE7B3 /* Sources */ = {
			isa = PBXSourcesBuildPhase;
			buildActionMask = 2147483647;
			files = (
				E9FE16C12A2A539C00785F6F /* ServicesView.swift in Sources */,
				E930D39B2A1FB0D0008FE7B3 /* HomeView.swift in Sources */,
				E930D3A92A1FB7C3008FE7B3 /* HomeStore.swift in Sources */,
				E930D3992A1FB0D0008FE7B3 /* HomeKitClientAppApp.swift in Sources */,
				E9F712DE2A2901B600E6E5C6 /* AccessoriesView.swift in Sources */,
			);
			runOnlyForDeploymentPostprocessing = 0;
		};
/* End PBXSourcesBuildPhase section */

/* Begin XCBuildConfiguration section */
		E930D3A22A1FB0D2008FE7B3 /* Debug */ = {
			isa = XCBuildConfiguration;
			buildSettings = {
				ALWAYS_SEARCH_USER_PATHS = NO;
				CLANG_ANALYZER_NONNULL = YES;
				CLANG_ANALYZER_NUMBER_OBJECT_CONVERSION = YES_AGGRESSIVE;
				CLANG_CXX_LANGUAGE_STANDARD = "gnu++20";
				CLANG_ENABLE_MODULES = YES;
				CLANG_ENABLE_OBJC_ARC = YES;
				CLANG_ENABLE_OBJC_WEAK = YES;
				CLANG_WARN_BLOCK_CAPTURE_AUTORELEASING = YES;
				CLANG_WARN_BOOL_CONVERSION = YES;
				CLANG_WARN_COMMA = YES;
				CLANG_WARN_CONSTANT_CONVERSION = YES;
				CLANG_WARN_DEPRECATED_OBJC_IMPLEMENTATIONS = YES;
				CLANG_WARN_DIRECT_OBJC_ISA_USAGE = YES_ERROR;
				CLANG_WARN_DOCUMENTATION_COMMENTS = YES;
				CLANG_WARN_EMPTY_BODY = YES;
				CLANG_WARN_ENUM_CONVERSION = YES;
				CLANG_WARN_INFINITE_RECURSION = YES;
				CLANG_WARN_INT_CONVERSION = YES;
				CLANG_WARN_NON_LITERAL_NULL_CONVERSION = YES;
				CLANG_WARN_OBJC_IMPLICIT_RETAIN_SELF = YES;
				CLANG_WARN_OBJC_LITERAL_CONVERSION = YES;
				CLANG_WARN_OBJC_ROOT_CLASS = YES_ERROR;
				CLANG_WARN_QUOTED_INCLUDE_IN_FRAMEWORK_HEADER = YES;
				CLANG_WARN_RANGE_LOOP_ANALYSIS = YES;
				CLANG_WARN_STRICT_PROTOTYPES = YES;
				CLANG_WARN_SUSPICIOUS_MOVE = YES;
				CLANG_WARN_UNGUARDED_AVAILABILITY = YES_AGGRESSIVE;
				CLANG_WARN_UNREACHABLE_CODE = YES;
				CLANG_WARN__DUPLICATE_METHOD_MATCH = YES;
				COPY_PHASE_STRIP = NO;
				DEBUG_INFORMATION_FORMAT = dwarf;
				ENABLE_STRICT_OBJC_MSGSEND = YES;
				ENABLE_TESTABILITY = YES;
				GCC_C_LANGUAGE_STANDARD = gnu11;
				GCC_DYNAMIC_NO_PIC = NO;
				GCC_NO_COMMON_BLOCKS = YES;
				GCC_OPTIMIZATION_LEVEL = 0;
				GCC_PREPROCESSOR_DEFINITIONS = (
					"DEBUG=1",
					"$(inherited)",
				);
				GCC_WARN_64_TO_32_BIT_CONVERSION = YES;
				GCC_WARN_ABOUT_RETURN_TYPE = YES_ERROR;
				GCC_WARN_UNDECLARED_SELECTOR = YES;
				GCC_WARN_UNINITIALIZED_AUTOS = YES_AGGRESSIVE;
				GCC_WARN_UNUSED_FUNCTION = YES;
				GCC_WARN_UNUSED_VARIABLE = YES;
				MTL_ENABLE_DEBUG_INFO = INCLUDE_SOURCE;
				MTL_FAST_MATH = YES;
				ONLY_ACTIVE_ARCH = YES;
				SWIFT_ACTIVE_COMPILATION_CONDITIONS = DEBUG;
				SWIFT_OPTIMIZATION_LEVEL = "-Onone";
			};
			name = Debug;
		};
		E930D3A32A1FB0D2008FE7B3 /* Release */ = {
			isa = XCBuildConfiguration;
			buildSettings = {
				ALWAYS_SEARCH_USER_PATHS = NO;
				CLANG_ANALYZER_NONNULL = YES;
				CLANG_ANALYZER_NUMBER_OBJECT_CONVERSION = YES_AGGRESSIVE;
				CLANG_CXX_LANGUAGE_STANDARD = "gnu++20";
				CLANG_ENABLE_MODULES = YES;
				CLANG_ENABLE_OBJC_ARC = YES;
				CLANG_ENABLE_OBJC_WEAK = YES;
				CLANG_WARN_BLOCK_CAPTURE_AUTORELEASING = YES;
				CLANG_WARN_BOOL_CONVERSION = YES;
				CLANG_WARN_COMMA = YES;
				CLANG_WARN_CONSTANT_CONVERSION = YES;
				CLANG_WARN_DEPRECATED_OBJC_IMPLEMENTATIONS = YES;
				CLANG_WARN_DIRECT_OBJC_ISA_USAGE = YES_ERROR;
				CLANG_WARN_DOCUMENTATION_COMMENTS = YES;
				CLANG_WARN_EMPTY_BODY = YES;
				CLANG_WARN_ENUM_CONVERSION = YES;
				CLANG_WARN_INFINITE_RECURSION = YES;
				CLANG_WARN_INT_CONVERSION = YES;
				CLANG_WARN_NON_LITERAL_NULL_CONVERSION = YES;
				CLANG_WARN_OBJC_IMPLICIT_RETAIN_SELF = YES;
				CLANG_WARN_OBJC_LITERAL_CONVERSION = YES;
				CLANG_WARN_OBJC_ROOT_CLASS = YES_ERROR;
				CLANG_WARN_QUOTED_INCLUDE_IN_FRAMEWORK_HEADER = YES;
				CLANG_WARN_RANGE_LOOP_ANALYSIS = YES;
				CLANG_WARN_STRICT_PROTOTYPES = YES;
				CLANG_WARN_SUSPICIOUS_MOVE = YES;
				CLANG_WARN_UNGUARDED_AVAILABILITY = YES_AGGRESSIVE;
				CLANG_WARN_UNREACHABLE_CODE = YES;
				CLANG_WARN__DUPLICATE_METHOD_MATCH = YES;
				COPY_PHASE_STRIP = NO;
				DEBUG_INFORMATION_FORMAT = "dwarf-with-dsym";
				ENABLE_NS_ASSERTIONS = NO;
				ENABLE_STRICT_OBJC_MSGSEND = YES;
				GCC_C_LANGUAGE_STANDARD = gnu11;
				GCC_NO_COMMON_BLOCKS = YES;
				GCC_WARN_64_TO_32_BIT_CONVERSION = YES;
				GCC_WARN_ABOUT_RETURN_TYPE = YES_ERROR;
				GCC_WARN_UNDECLARED_SELECTOR = YES;
				GCC_WARN_UNINITIALIZED_AUTOS = YES_AGGRESSIVE;
				GCC_WARN_UNUSED_FUNCTION = YES;
				GCC_WARN_UNUSED_VARIABLE = YES;
				MTL_ENABLE_DEBUG_INFO = NO;
				MTL_FAST_MATH = YES;
				SWIFT_COMPILATION_MODE = wholemodule;
				SWIFT_OPTIMIZATION_LEVEL = "-O";
			};
			name = Release;
		};
		E930D3A52A1FB0D2008FE7B3 /* Debug */ = {
			isa = XCBuildConfiguration;
			buildSettings = {
				ASSETCATALOG_COMPILER_APPICON_NAME = AppIcon;
				ASSETCATALOG_COMPILER_GLOBAL_ACCENT_COLOR_NAME = AccentColor;
				CODE_SIGN_ENTITLEMENTS = HomeKitClientApp/HomeKitClientApp.entitlements;
				CODE_SIGN_STYLE = Automatic;
				CURRENT_PROJECT_VERSION = 1;
				DEVELOPMENT_ASSET_PATHS = "\"HomeKitClientApp/Preview Content\"";
				DEVELOPMENT_TEAM = 8468U436K8;
				ENABLE_HARDENED_RUNTIME = YES;
				ENABLE_PREVIEWS = YES;
				GENERATE_INFOPLIST_FILE = YES;
				INFOPLIST_FILE = HomeKitClientApp/Info.plist;
				INFOPLIST_KEY_CFBundleDisplayName = "HomeKit Client";
				INFOPLIST_KEY_LSApplicationCategoryType = "public.app-category.lifestyle";
				INFOPLIST_KEY_NSHomeKitUsageDescription = "Configuring smart home accessories";
				"INFOPLIST_KEY_UIApplicationSceneManifest_Generation[sdk=iphoneos*]" = YES;
				"INFOPLIST_KEY_UIApplicationSceneManifest_Generation[sdk=iphonesimulator*]" = YES;
				"INFOPLIST_KEY_UIApplicationSupportsIndirectInputEvents[sdk=iphoneos*]" = YES;
				"INFOPLIST_KEY_UIApplicationSupportsIndirectInputEvents[sdk=iphonesimulator*]" = YES;
				"INFOPLIST_KEY_UILaunchScreen_Generation[sdk=iphoneos*]" = YES;
				"INFOPLIST_KEY_UILaunchScreen_Generation[sdk=iphonesimulator*]" = YES;
				"INFOPLIST_KEY_UIStatusBarStyle[sdk=iphoneos*]" = UIStatusBarStyleDefault;
				"INFOPLIST_KEY_UIStatusBarStyle[sdk=iphonesimulator*]" = UIStatusBarStyleDefault;
				INFOPLIST_KEY_UISupportedInterfaceOrientations = "UIInterfaceOrientationLandscapeLeft UIInterfaceOrientationLandscapeRight UIInterfaceOrientationPortrait UIInterfaceOrientationPortraitUpsideDown";
				IPHONEOS_DEPLOYMENT_TARGET = 14.7;
				LD_RUNPATH_SEARCH_PATHS = "@executable_path/Frameworks";
				"LD_RUNPATH_SEARCH_PATHS[sdk=macosx*]" = "@executable_path/../Frameworks";
				MACOSX_DEPLOYMENT_TARGET = 13.1;
				MARKETING_VERSION = 1.0;
				PRODUCT_BUNDLE_IDENTIFIER = pe.edu.upc.si572.avelasquezn.HomeKitClientApp;
				PRODUCT_NAME = "$(TARGET_NAME)";
				SDKROOT = auto;
				SUPPORTED_PLATFORMS = "iphoneos iphonesimulator";
				SUPPORTS_MACCATALYST = NO;
				SUPPORTS_MAC_DESIGNED_FOR_IPHONE_IPAD = NO;
				SWIFT_EMIT_LOC_STRINGS = YES;
				SWIFT_VERSION = 5.0;
				TARGETED_DEVICE_FAMILY = "1,2";
			};
			name = Debug;
		};
		E930D3A62A1FB0D2008FE7B3 /* Release */ = {
			isa = XCBuildConfiguration;
			buildSettings = {
				ASSETCATALOG_COMPILER_APPICON_NAME = AppIcon;
				ASSETCATALOG_COMPILER_GLOBAL_ACCENT_COLOR_NAME = AccentColor;
				CODE_SIGN_ENTITLEMENTS = HomeKitClientApp/HomeKitClientApp.entitlements;
				CODE_SIGN_STYLE = Automatic;
				CURRENT_PROJECT_VERSION = 1;
				DEVELOPMENT_ASSET_PATHS = "\"HomeKitClientApp/Preview Content\"";
				DEVELOPMENT_TEAM = 8468U436K8;
				ENABLE_HARDENED_RUNTIME = YES;
				ENABLE_PREVIEWS = YES;
				GENERATE_INFOPLIST_FILE = YES;
				INFOPLIST_FILE = HomeKitClientApp/Info.plist;
				INFOPLIST_KEY_CFBundleDisplayName = "HomeKit Client";
				INFOPLIST_KEY_LSApplicationCategoryType = "public.app-category.lifestyle";
				INFOPLIST_KEY_NSHomeKitUsageDescription = "Configuring smart home accessories";
				"INFOPLIST_KEY_UIApplicationSceneManifest_Generation[sdk=iphoneos*]" = YES;
				"INFOPLIST_KEY_UIApplicationSceneManifest_Generation[sdk=iphonesimulator*]" = YES;
				"INFOPLIST_KEY_UIApplicationSupportsIndirectInputEvents[sdk=iphoneos*]" = YES;
				"INFOPLIST_KEY_UIApplicationSupportsIndirectInputEvents[sdk=iphonesimulator*]" = YES;
				"INFOPLIST_KEY_UILaunchScreen_Generation[sdk=iphoneos*]" = YES;
				"INFOPLIST_KEY_UILaunchScreen_Generation[sdk=iphonesimulator*]" = YES;
				"INFOPLIST_KEY_UIStatusBarStyle[sdk=iphoneos*]" = UIStatusBarStyleDefault;
				"INFOPLIST_KEY_UIStatusBarStyle[sdk=iphonesimulator*]" = UIStatusBarStyleDefault;
				INFOPLIST_KEY_UISupportedInterfaceOrientations = "UIInterfaceOrientationLandscapeLeft UIInterfaceOrientationLandscapeRight UIInterfaceOrientationPortrait UIInterfaceOrientationPortraitUpsideDown";
				IPHONEOS_DEPLOYMENT_TARGET = 14.7;
				LD_RUNPATH_SEARCH_PATHS = "@executable_path/Frameworks";
				"LD_RUNPATH_SEARCH_PATHS[sdk=macosx*]" = "@executable_path/../Frameworks";
				MACOSX_DEPLOYMENT_TARGET = 13.1;
				MARKETING_VERSION = 1.0;
				PRODUCT_BUNDLE_IDENTIFIER = pe.edu.upc.si572.avelasquezn.HomeKitClientApp;
				PRODUCT_NAME = "$(TARGET_NAME)";
				SDKROOT = auto;
				SUPPORTED_PLATFORMS = "iphoneos iphonesimulator";
				SUPPORTS_MACCATALYST = NO;
				SUPPORTS_MAC_DESIGNED_FOR_IPHONE_IPAD = NO;
				SWIFT_EMIT_LOC_STRINGS = YES;
				SWIFT_VERSION = 5.0;
				TARGETED_DEVICE_FAMILY = "1,2";
			};
			name = Release;
		};
/* End XCBuildConfiguration section */

/* Begin XCConfigurationList section */
		E930D3902A1FB0D0008FE7B3 /* Build configuration list for PBXProject "HomeKitClientApp" */ = {
			isa = XCConfigurationList;
			buildConfigurations = (
				E930D3A22A1FB0D2008FE7B3 /* Debug */,
				E930D3A32A1FB0D2008FE7B3 /* Release */,
			);
			defaultConfigurationIsVisible = 0;
			defaultConfigurationName = Release;
		};
		E930D3A42A1FB0D2008FE7B3 /* Build configuration list for PBXNativeTarget "HomeKitClientApp" */ = {
			isa = XCConfigurationList;
			buildConfigurations = (
				E930D3A52A1FB0D2008FE7B3 /* Debug */,
				E930D3A62A1FB0D2008FE7B3 /* Release */,
			);
			defaultConfigurationIsVisible = 0;
			defaultConfigurationName = Release;
		};
/* End XCConfigurationList section */
	};
	rootObject = E930D38D2A1FB0D0008FE7B3 /* Project object */;
}
